// !$*UTF8*$!
{
	archiveVersion = 1;
	classes = {
	};
	objectVersion = 51;
	objects = {

/* Begin PBXBuildFile section */
		571BE4262351CD1600691CB8 /* AppDelegate.swift in Sources */ = {isa = PBXBuildFile; fileRef = 571BE4252351CD1600691CB8 /* AppDelegate.swift */; };
		571BE4282351CD1600691CB8 /* SceneDelegate.swift in Sources */ = {isa = PBXBuildFile; fileRef = 571BE4272351CD1600691CB8 /* SceneDelegate.swift */; };
		571BE42A2351CD1600691CB8 /* ViewController.swift in Sources */ = {isa = PBXBuildFile; fileRef = 571BE4292351CD1600691CB8 /* ViewController.swift */; };
		571BE42D2351CD1600691CB8 /* Main.storyboard in Resources */ = {isa = PBXBuildFile; fileRef = 571BE42B2351CD1600691CB8 /* Main.storyboard */; };
		571BE42F2351CD2000691CB8 /* Assets.xcassets in Resources */ = {isa = PBXBuildFile; fileRef = 571BE42E2351CD2000691CB8 /* Assets.xcassets */; };
		571BE4322351CD2000691CB8 /* LaunchScreen.storyboard in Resources */ = {isa = PBXBuildFile; fileRef = 571BE4302351CD2000691CB8 /* LaunchScreen.storyboard */; };
		571BECB3235C5EBC00124183 /* User.swift in Sources */ = {isa = PBXBuildFile; fileRef = 571BECB2235C5EBC00124183 /* User.swift */; };
		571BECB6235C5EE800124183 /* CRUD.swift in Sources */ = {isa = PBXBuildFile; fileRef = 571BECB5235C5EE800124183 /* CRUD.swift */; };
		57482B63235AEE7400252DB4 /* RestaurantsListViewController.swift in Sources */ = {isa = PBXBuildFile; fileRef = 57482B62235AEE7400252DB4 /* RestaurantsListViewController.swift */; };
		57482B65235AF65200252DB4 /* RestaurantListTableViewCell.swift in Sources */ = {isa = PBXBuildFile; fileRef = 57482B64235AF65200252DB4 /* RestaurantListTableViewCell.swift */; };
		57482B67235AFFBC00252DB4 /* Restaurant.swift in Sources */ = {isa = PBXBuildFile; fileRef = 57482B66235AFFBC00252DB4 /* Restaurant.swift */; };
		57482B69235B097F00252DB4 /* DesignableUIButton.swift in Sources */ = {isa = PBXBuildFile; fileRef = 57482B68235B097F00252DB4 /* DesignableUIButton.swift */; };
		578514BF23533E5600E27F71 /* NoRestaurantsViewController.swift in Sources */ = {isa = PBXBuildFile; fileRef = 578514BE23533E5600E27F71 /* NoRestaurantsViewController.swift */; };
		578514C123535E4700E27F71 /* SearchViewController.swift in Sources */ = {isa = PBXBuildFile; fileRef = 578514C023535E4700E27F71 /* SearchViewController.swift */; };
		578514C323535FFD00E27F71 /* Constants.swift in Sources */ = {isa = PBXBuildFile; fileRef = 578514C223535FFD00E27F71 /* Constants.swift */; };
		C1B619F162D3013DF8C68950 /* Pods_VereEthiopia.framework in Frameworks */ = {isa = PBXBuildFile; fileRef = 5225A852EE707B6CCC8E9E81 /* Pods_VereEthiopia.framework */; };
/* End PBXBuildFile section */

/* Begin PBXFileReference section */
		5225A852EE707B6CCC8E9E81 /* Pods_VereEthiopia.framework */ = {isa = PBXFileReference; explicitFileType = wrapper.framework; includeInIndex = 0; path = Pods_VereEthiopia.framework; sourceTree = BUILT_PRODUCTS_DIR; };
		571BE4222351CD1600691CB8 /* VereEthiopia.app */ = {isa = PBXFileReference; explicitFileType = wrapper.application; includeInIndex = 0; path = VereEthiopia.app; sourceTree = BUILT_PRODUCTS_DIR; };
		571BE4252351CD1600691CB8 /* AppDelegate.swift */ = {isa = PBXFileReference; lastKnownFileType = sourcecode.swift; path = AppDelegate.swift; sourceTree = "<group>"; };
		571BE4272351CD1600691CB8 /* SceneDelegate.swift */ = {isa = PBXFileReference; lastKnownFileType = sourcecode.swift; path = SceneDelegate.swift; sourceTree = "<group>"; };
		571BE4292351CD1600691CB8 /* ViewController.swift */ = {isa = PBXFileReference; lastKnownFileType = sourcecode.swift; path = ViewController.swift; sourceTree = "<group>"; };
		571BE42C2351CD1600691CB8 /* Base */ = {isa = PBXFileReference; lastKnownFileType = file.storyboard; name = Base; path = Base.lproj/Main.storyboard; sourceTree = "<group>"; };
		571BE42E2351CD2000691CB8 /* Assets.xcassets */ = {isa = PBXFileReference; lastKnownFileType = folder.assetcatalog; path = Assets.xcassets; sourceTree = "<group>"; };
		571BE4312351CD2000691CB8 /* Base */ = {isa = PBXFileReference; lastKnownFileType = file.storyboard; name = Base; path = Base.lproj/LaunchScreen.storyboard; sourceTree = "<group>"; };
		571BE4332351CD2000691CB8 /* Info.plist */ = {isa = PBXFileReference; lastKnownFileType = text.plist.xml; path = Info.plist; sourceTree = "<group>"; };
		571BECB2235C5EBC00124183 /* User.swift */ = {isa = PBXFileReference; lastKnownFileType = sourcecode.swift; path = User.swift; sourceTree = "<group>"; };
		571BECB5235C5EE800124183 /* CRUD.swift */ = {isa = PBXFileReference; lastKnownFileType = sourcecode.swift; path = CRUD.swift; sourceTree = "<group>"; };
		57482B62235AEE7400252DB4 /* RestaurantsListViewController.swift */ = {isa = PBXFileReference; lastKnownFileType = sourcecode.swift; path = RestaurantsListViewController.swift; sourceTree = "<group>"; };
		57482B64235AF65200252DB4 /* RestaurantListTableViewCell.swift */ = {isa = PBXFileReference; lastKnownFileType = sourcecode.swift; path = RestaurantListTableViewCell.swift; sourceTree = "<group>"; };
		57482B66235AFFBC00252DB4 /* Restaurant.swift */ = {isa = PBXFileReference; lastKnownFileType = sourcecode.swift; path = Restaurant.swift; sourceTree = "<group>"; };
		57482B68235B097F00252DB4 /* DesignableUIButton.swift */ = {isa = PBXFileReference; lastKnownFileType = sourcecode.swift; path = DesignableUIButton.swift; sourceTree = "<group>"; };
		578514BE23533E5600E27F71 /* NoRestaurantsViewController.swift */ = {isa = PBXFileReference; lastKnownFileType = sourcecode.swift; path = NoRestaurantsViewController.swift; sourceTree = "<group>"; };
		578514C023535E4700E27F71 /* SearchViewController.swift */ = {isa = PBXFileReference; lastKnownFileType = sourcecode.swift; path = SearchViewController.swift; sourceTree = "<group>"; };
		578514C223535FFD00E27F71 /* Constants.swift */ = {isa = PBXFileReference; lastKnownFileType = sourcecode.swift; path = Constants.swift; sourceTree = "<group>"; };
		64D16CFA1DF4C26C136AC1CA /* Pods-VereEthiopia.release.xcconfig */ = {isa = PBXFileReference; includeInIndex = 1; lastKnownFileType = text.xcconfig; name = "Pods-VereEthiopia.release.xcconfig"; path = "Target Support Files/Pods-VereEthiopia/Pods-VereEthiopia.release.xcconfig"; sourceTree = "<group>"; };
		AEA1AB885C05C4B823F3D69F /* Pods-VereEthiopia.debug.xcconfig */ = {isa = PBXFileReference; includeInIndex = 1; lastKnownFileType = text.xcconfig; name = "Pods-VereEthiopia.debug.xcconfig"; path = "Target Support Files/Pods-VereEthiopia/Pods-VereEthiopia.debug.xcconfig"; sourceTree = "<group>"; };
/* End PBXFileReference section */

/* Begin PBXFrameworksBuildPhase section */
		571BE41F2351CD1600691CB8 /* Frameworks */ = {
			isa = PBXFrameworksBuildPhase;
			buildActionMask = 2147483647;
			files = (
				C1B619F162D3013DF8C68950 /* Pods_VereEthiopia.framework in Frameworks */,
			);
			runOnlyForDeploymentPostprocessing = 0;
		};
/* End PBXFrameworksBuildPhase section */

/* Begin PBXGroup section */
		571BE4192351CD1600691CB8 = {
			isa = PBXGroup;
			children = (
				571BE4242351CD1600691CB8 /* VereEthiopia */,
				571BE4232351CD1600691CB8 /* Products */,
				ECC832346B1A5D611FA0A381 /* Pods */,
				CAF68BCF0DBB7E3A21BE3B99 /* Frameworks */,
			);
			sourceTree = "<group>";
		};
		571BE4232351CD1600691CB8 /* Products */ = {
			isa = PBXGroup;
			children = (
				571BE4222351CD1600691CB8 /* VereEthiopia.app */,
			);
			name = Products;
			sourceTree = "<group>";
		};
		571BE4242351CD1600691CB8 /* VereEthiopia */ = {
			isa = PBXGroup;
			children = (
				571BECB4235C5ECB00124183 /* Api */,
				571BECB7235C6C3300124183 /* Constants */,
				571BECB1235C5EA500124183 /* Models */,
				571BE4252351CD1600691CB8 /* AppDelegate.swift */,
				571BE4272351CD1600691CB8 /* SceneDelegate.swift */,
				571BE4292351CD1600691CB8 /* ViewController.swift */,
				571BE42B2351CD1600691CB8 /* Main.storyboard */,
				57482B68235B097F00252DB4 /* DesignableUIButton.swift */,
				57482B64235AF65200252DB4 /* RestaurantListTableViewCell.swift */,
				571BE42E2351CD2000691CB8 /* Assets.xcassets */,
				571BE4302351CD2000691CB8 /* LaunchScreen.storyboard */,
				571BE4332351CD2000691CB8 /* Info.plist */,
				578514BE23533E5600E27F71 /* NoRestaurantsViewController.swift */,
				57482B62235AEE7400252DB4 /* RestaurantsListViewController.swift */,
				578514C023535E4700E27F71 /* SearchViewController.swift */,
			);
			path = VereEthiopia;
			sourceTree = "<group>";
		};
		571BECB1235C5EA500124183 /* Models */ = {
			isa = PBXGroup;
			children = (
				57482B66235AFFBC00252DB4 /* Restaurant.swift */,
				571BECB2235C5EBC00124183 /* User.swift */,
			);
			path = Models;
			sourceTree = "<group>";
		};
		571BECB4235C5ECB00124183 /* Api */ = {
			isa = PBXGroup;
			children = (
				571BECB5235C5EE800124183 /* CRUD.swift */,
			);
			path = Api;
			sourceTree = "<group>";
		};
		571BECB7235C6C3300124183 /* Constants */ = {
			isa = PBXGroup;
			children = (
				578514C223535FFD00E27F71 /* Constants.swift */,
			);
			name = Constants;
			sourceTree = "<group>";
		};
		CAF68BCF0DBB7E3A21BE3B99 /* Frameworks */ = {
			isa = PBXGroup;
			children = (
				5225A852EE707B6CCC8E9E81 /* Pods_VereEthiopia.framework */,
			);
			name = Frameworks;
			sourceTree = "<group>";
		};
		ECC832346B1A5D611FA0A381 /* Pods */ = {
			isa = PBXGroup;
			children = (
				AEA1AB885C05C4B823F3D69F /* Pods-VereEthiopia.debug.xcconfig */,
				64D16CFA1DF4C26C136AC1CA /* Pods-VereEthiopia.release.xcconfig */,
			);
			path = Pods;
			sourceTree = "<group>";
		};
/* End PBXGroup section */

/* Begin PBXNativeTarget section */
		571BE4212351CD1600691CB8 /* VereEthiopia */ = {
			isa = PBXNativeTarget;
			buildConfigurationList = 571BE4362351CD2000691CB8 /* Build configuration list for PBXNativeTarget "VereEthiopia" */;
			buildPhases = (
				F46C4FD135F0196495F7549E /* [CP] Check Pods Manifest.lock */,
				571BE41E2351CD1600691CB8 /* Sources */,
				571BE41F2351CD1600691CB8 /* Frameworks */,
				571BE4202351CD1600691CB8 /* Resources */,
				A26994585C178EA42AAD553E /* [CP] Embed Pods Frameworks */,
			);
			buildRules = (
			);
			dependencies = (
			);
			name = VereEthiopia;
			productName = VereEthiopia;
			productReference = 571BE4222351CD1600691CB8 /* VereEthiopia.app */;
			productType = "com.apple.product-type.application";
		};
/* End PBXNativeTarget section */

/* Begin PBXProject section */
		571BE41A2351CD1600691CB8 /* Project object */ = {
			isa = PBXProject;
			attributes = {
				LastSwiftUpdateCheck = 1100;
				LastUpgradeCheck = 1100;
				ORGANIZATIONNAME = "Med Innovations Addis";
				TargetAttributes = {
					571BE4212351CD1600691CB8 = {
						CreatedOnToolsVersion = 11.0;
					};
				};
			};
			buildConfigurationList = 571BE41D2351CD1600691CB8 /* Build configuration list for PBXProject "VereEthiopia" */;
			compatibilityVersion = "Xcode 9.3";
			developmentRegion = en;
			hasScannedForEncodings = 0;
			knownRegions = (
				en,
				Base,
			);
			mainGroup = 571BE4192351CD1600691CB8;
			productRefGroup = 571BE4232351CD1600691CB8 /* Products */;
			projectDirPath = "";
			projectRoot = "";
			targets = (
				571BE4212351CD1600691CB8 /* VereEthiopia */,
			);
		};
/* End PBXProject section */

/* Begin PBXResourcesBuildPhase section */
		571BE4202351CD1600691CB8 /* Resources */ = {
			isa = PBXResourcesBuildPhase;
			buildActionMask = 2147483647;
			files = (
				571BE4322351CD2000691CB8 /* LaunchScreen.storyboard in Resources */,
				571BE42F2351CD2000691CB8 /* Assets.xcassets in Resources */,
				571BE42D2351CD1600691CB8 /* Main.storyboard in Resources */,
			);
			runOnlyForDeploymentPostprocessing = 0;
		};
/* End PBXResourcesBuildPhase section */

/* Begin PBXShellScriptBuildPhase section */
		A26994585C178EA42AAD553E /* [CP] Embed Pods Frameworks */ = {
			isa = PBXShellScriptBuildPhase;
			buildActionMask = 2147483647;
			files = (
			);
			inputFileListPaths = (
				"${PODS_ROOT}/Target Support Files/Pods-VereEthiopia/Pods-VereEthiopia-frameworks-${CONFIGURATION}-input-files.xcfilelist",
			);
			name = "[CP] Embed Pods Frameworks";
			outputFileListPaths = (
				"${PODS_ROOT}/Target Support Files/Pods-VereEthiopia/Pods-VereEthiopia-frameworks-${CONFIGURATION}-output-files.xcfilelist",
			);
			runOnlyForDeploymentPostprocessing = 0;
			shellPath = /bin/sh;
			shellScript = "\"${PODS_ROOT}/Target Support Files/Pods-VereEthiopia/Pods-VereEthiopia-frameworks.sh\"\n";
			showEnvVarsInLog = 0;
		};
		F46C4FD135F0196495F7549E /* [CP] Check Pods Manifest.lock */ = {
			isa = PBXShellScriptBuildPhase;
			buildActionMask = 2147483647;
			files = (
			);
			inputFileListPaths = (
			);
			inputPaths = (
				"${PODS_PODFILE_DIR_PATH}/Podfile.lock",
				"${PODS_ROOT}/Manifest.lock",
			);
			name = "[CP] Check Pods Manifest.lock";
			outputFileListPaths = (
			);
			outputPaths = (
				"$(DERIVED_FILE_DIR)/Pods-VereEthiopia-checkManifestLockResult.txt",
			);
			runOnlyForDeploymentPostprocessing = 0;
			shellPath = /bin/sh;
			shellScript = "diff \"${PODS_PODFILE_DIR_PATH}/Podfile.lock\" \"${PODS_ROOT}/Manifest.lock\" > /dev/null\nif [ $? != 0 ] ; then\n    # print error to STDERR\n    echo \"error: The sandbox is not in sync with the Podfile.lock. Run 'pod install' or update your CocoaPods installation.\" >&2\n    exit 1\nfi\n# This output is used by Xcode 'outputs' to avoid re-running this script phase.\necho \"SUCCESS\" > \"${SCRIPT_OUTPUT_FILE_0}\"\n";
			showEnvVarsInLog = 0;
		};
/* End PBXShellScriptBuildPhase section */

/* Begin PBXSourcesBuildPhase section */
		571BE41E2351CD1600691CB8 /* Sources */ = {
			isa = PBXSourcesBuildPhase;
			buildActionMask = 2147483647;
			files = (
				57482B63235AEE7400252DB4 /* RestaurantsListViewController.swift in Sources */,
				578514C123535E4700E27F71 /* SearchViewController.swift in Sources */,
				578514BF23533E5600E27F71 /* NoRestaurantsViewController.swift in Sources */,
				571BE42A2351CD1600691CB8 /* ViewController.swift in Sources */,
				57482B65235AF65200252DB4 /* RestaurantListTableViewCell.swift in Sources */,
				571BE4262351CD1600691CB8 /* AppDelegate.swift in Sources */,
				571BE4282351CD1600691CB8 /* SceneDelegate.swift in Sources */,
				57482B69235B097F00252DB4 /* DesignableUIButton.swift in Sources */,
				57482B67235AFFBC00252DB4 /* Restaurant.swift in Sources */,
				578514C323535FFD00E27F71 /* Constants.swift in Sources */,
				571BECB3235C5EBC00124183 /* User.swift in Sources */,
				571BECB6235C5EE800124183 /* CRUD.swift in Sources */,
			);
			runOnlyForDeploymentPostprocessing = 0;
		};
/* End PBXSourcesBuildPhase section */

/* Begin PBXVariantGroup section */
		571BE42B2351CD1600691CB8 /* Main.storyboard */ = {
			isa = PBXVariantGroup;
			children = (
				571BE42C2351CD1600691CB8 /* Base */,
			);
			name = Main.storyboard;
			sourceTree = "<group>";
		};
		571BE4302351CD2000691CB8 /* LaunchScreen.storyboard */ = {
			isa = PBXVariantGroup;
			children = (
				571BE4312351CD2000691CB8 /* Base */,
			);
			name = LaunchScreen.storyboard;
			sourceTree = "<group>";
		};
/* End PBXVariantGroup section */

/* Begin XCBuildConfiguration section */
		571BE4342351CD2000691CB8 /* Debug */ = {
			isa = XCBuildConfiguration;
			buildSettings = {
				ALWAYS_SEARCH_USER_PATHS = NO;
				CLANG_ANALYZER_NONNULL = YES;
				CLANG_ANALYZER_NUMBER_OBJECT_CONVERSION = YES_AGGRESSIVE;
				CLANG_CXX_LANGUAGE_STANDARD = "gnu++14";
				CLANG_CXX_LIBRARY = "libc++";
				CLANG_ENABLE_MODULES = YES;
				CLANG_ENABLE_OBJC_ARC = YES;
				CLANG_ENABLE_OBJC_WEAK = YES;
				CLANG_WARN_BLOCK_CAPTURE_AUTORELEASING = YES;
				CLANG_WARN_BOOL_CONVERSION = YES;
				CLANG_WARN_COMMA = YES;
				CLANG_WARN_CONSTANT_CONVERSION = YES;
				CLANG_WARN_DEPRECATED_OBJC_IMPLEMENTATIONS = YES;
				CLANG_WARN_DIRECT_OBJC_ISA_USAGE = YES_ERROR;
				CLANG_WARN_DOCUMENTATION_COMMENTS = YES;
				CLANG_WARN_EMPTY_BODY = YES;
				CLANG_WARN_ENUM_CONVERSION = YES;
				CLANG_WARN_INFINITE_RECURSION = YES;
				CLANG_WARN_INT_CONVERSION = YES;
				CLANG_WARN_NON_LITERAL_NULL_CONVERSION = YES;
				CLANG_WARN_OBJC_IMPLICIT_RETAIN_SELF = YES;
				CLANG_WARN_OBJC_LITERAL_CONVERSION = YES;
				CLANG_WARN_OBJC_ROOT_CLASS = YES_ERROR;
				CLANG_WARN_RANGE_LOOP_ANALYSIS = YES;
				CLANG_WARN_STRICT_PROTOTYPES = YES;
				CLANG_WARN_SUSPICIOUS_MOVE = YES;
				CLANG_WARN_UNGUARDED_AVAILABILITY = YES_AGGRESSIVE;
				CLANG_WARN_UNREACHABLE_CODE = YES;
				CLANG_WARN__DUPLICATE_METHOD_MATCH = YES;
				COPY_PHASE_STRIP = NO;
				DEBUG_INFORMATION_FORMAT = dwarf;
				ENABLE_STRICT_OBJC_MSGSEND = YES;
				ENABLE_TESTABILITY = YES;
				GCC_C_LANGUAGE_STANDARD = gnu11;
				GCC_DYNAMIC_NO_PIC = NO;
				GCC_NO_COMMON_BLOCKS = YES;
				GCC_OPTIMIZATION_LEVEL = 0;
				GCC_PREPROCESSOR_DEFINITIONS = (
					"DEBUG=1",
					"$(inherited)",
				);
				GCC_WARN_64_TO_32_BIT_CONVERSION = YES;
				GCC_WARN_ABOUT_RETURN_TYPE = YES_ERROR;
				GCC_WARN_UNDECLARED_SELECTOR = YES;
				GCC_WARN_UNINITIALIZED_AUTOS = YES_AGGRESSIVE;
				GCC_WARN_UNUSED_FUNCTION = YES;
				GCC_WARN_UNUSED_VARIABLE = YES;
				IPHONEOS_DEPLOYMENT_TARGET = 13.0;
				MTL_ENABLE_DEBUG_INFO = INCLUDE_SOURCE;
				MTL_FAST_MATH = YES;
				ONLY_ACTIVE_ARCH = YES;
				SDKROOT = iphoneos;
				SWIFT_ACTIVE_COMPILATION_CONDITIONS = DEBUG;
				SWIFT_OPTIMIZATION_LEVEL = "-Onone";
			};
			name = Debug;
		};
		571BE4352351CD2000691CB8 /* Release */ = {
			isa = XCBuildConfiguration;
			buildSettings = {
				ALWAYS_SEARCH_USER_PATHS = NO;
				CLANG_ANALYZER_NONNULL = YES;
				CLANG_ANALYZER_NUMBER_OBJECT_CONVERSION = YES_AGGRESSIVE;
				CLANG_CXX_LANGUAGE_STANDARD = "gnu++14";
				CLANG_CXX_LIBRARY = "libc++";
				CLANG_ENABLE_MODULES = YES;
				CLANG_ENABLE_OBJC_ARC = YES;
				CLANG_ENABLE_OBJC_WEAK = YES;
				CLANG_WARN_BLOCK_CAPTURE_AUTORELEASING = YES;
				CLANG_WARN_BOOL_CONVERSION = YES;
				CLANG_WARN_COMMA = YES;
				CLANG_WARN_CONSTANT_CONVERSION = YES;
				CLANG_WARN_DEPRECATED_OBJC_IMPLEMENTATIONS = YES;
				CLANG_WARN_DIRECT_OBJC_ISA_USAGE = YES_ERROR;
				CLANG_WARN_DOCUMENTATION_COMMENTS = YES;
				CLANG_WARN_EMPTY_BODY = YES;
				CLANG_WARN_ENUM_CONVERSION = YES;
				CLANG_WARN_INFINITE_RECURSION = YES;
				CLANG_WARN_INT_CONVERSION = YES;
				CLANG_WARN_NON_LITERAL_NULL_CONVERSION = YES;
				CLANG_WARN_OBJC_IMPLICIT_RETAIN_SELF = YES;
				CLANG_WARN_OBJC_LITERAL_CONVERSION = YES;
				CLANG_WARN_OBJC_ROOT_CLASS = YES_ERROR;
				CLANG_WARN_RANGE_LOOP_ANALYSIS = YES;
				CLANG_WARN_STRICT_PROTOTYPES = YES;
				CLANG_WARN_SUSPICIOUS_MOVE = YES;
				CLANG_WARN_UNGUARDED_AVAILABILITY = YES_AGGRESSIVE;
				CLANG_WARN_UNREACHABLE_CODE = YES;
				CLANG_WARN__DUPLICATE_METHOD_MATCH = YES;
				COPY_PHASE_STRIP = NO;
				DEBUG_INFORMATION_FORMAT = "dwarf-with-dsym";
				ENABLE_NS_ASSERTIONS = NO;
				ENABLE_STRICT_OBJC_MSGSEND = YES;
				GCC_C_LANGUAGE_STANDARD = gnu11;
				GCC_NO_COMMON_BLOCKS = YES;
				GCC_WARN_64_TO_32_BIT_CONVERSION = YES;
				GCC_WARN_ABOUT_RETURN_TYPE = YES_ERROR;
				GCC_WARN_UNDECLARED_SELECTOR = YES;
				GCC_WARN_UNINITIALIZED_AUTOS = YES_AGGRESSIVE;
				GCC_WARN_UNUSED_FUNCTION = YES;
				GCC_WARN_UNUSED_VARIABLE = YES;
				IPHONEOS_DEPLOYMENT_TARGET = 13.0;
				MTL_ENABLE_DEBUG_INFO = NO;
				MTL_FAST_MATH = YES;
				SDKROOT = iphoneos;
				SWIFT_COMPILATION_MODE = wholemodule;
				SWIFT_OPTIMIZATION_LEVEL = "-O";
				VALIDATE_PRODUCT = YES;
			};
			name = Release;
		};
		571BE4372351CD2000691CB8 /* Debug */ = {
			isa = XCBuildConfiguration;
			baseConfigurationReference = AEA1AB885C05C4B823F3D69F /* Pods-VereEthiopia.debug.xcconfig */;
			buildSettings = {
				ASSETCATALOG_COMPILER_APPICON_NAME = AppIcon;
				CODE_SIGN_STYLE = Automatic;
				DEVELOPMENT_TEAM = 3S9V72Y598;
				INFOPLIST_FILE = VereEthiopia/Info.plist;
				LD_RUNPATH_SEARCH_PATHS = (
					"$(inherited)",
					"@executable_path/Frameworks",
				);
				PRODUCT_BUNDLE_IDENTIFIER = et.medinnovations.VereEthiopia;
				PRODUCT_NAME = "$(TARGET_NAME)";
				SWIFT_VERSION = 5.0;
				TARGETED_DEVICE_FAMILY = "1,2";
			};
			name = Debug;
		};
		571BE4382351CD2000691CB8 /* Release */ = {
			isa = XCBuildConfiguration;
			baseConfigurationReference = 64D16CFA1DF4C26C136AC1CA /* Pods-VereEthiopia.release.xcconfig */;
			buildSettings = {
				ASSETCATALOG_COMPILER_APPICON_NAME = AppIcon;
				CODE_SIGN_STYLE = Automatic;
				DEVELOPMENT_TEAM = 3S9V72Y598;
				INFOPLIST_FILE = VereEthiopia/Info.plist;
				LD_RUNPATH_SEARCH_PATHS = (
					"$(inherited)",
					"@executable_path/Frameworks",
				);
				PRODUCT_BUNDLE_IDENTIFIER = et.medinnovations.VereEthiopia;
				PRODUCT_NAME = "$(TARGET_NAME)";
				SWIFT_VERSION = 5.0;
				TARGETED_DEVICE_FAMILY = "1,2";
			};
			name = Release;
		};
/* End XCBuildConfiguration section */

/* Begin XCConfigurationList section */
		571BE41D2351CD1600691CB8 /* Build configuration list for PBXProject "VereEthiopia" */ = {
			isa = XCConfigurationList;
			buildConfigurations = (
				571BE4342351CD2000691CB8 /* Debug */,
				571BE4352351CD2000691CB8 /* Release */,
			);
			defaultConfigurationIsVisible = 0;
			defaultConfigurationName = Release;
		};
		571BE4362351CD2000691CB8 /* Build configuration list for PBXNativeTarget "VereEthiopia" */ = {
			isa = XCConfigurationList;
			buildConfigurations = (
				571BE4372351CD2000691CB8 /* Debug */,
				571BE4382351CD2000691CB8 /* Release */,
			);
			defaultConfigurationIsVisible = 0;
			defaultConfigurationName = Release;
		};
/* End XCConfigurationList section */
	};
	rootObject = 571BE41A2351CD1600691CB8 /* Project object */;
}
